
Microsoft Visual Studio Solution File, Format Version 12.00
# Visual Studio 15
VisualStudioVersion = 15.0.27130.2020
MinimumVisualStudioVersion = 10.0.40219.1
Project("{8BC9CEB8-8B4A-11D0-8D11-00A0C91BC942}") = "mission2", "mission2\mission2.vcxproj", "{1B272D60-09DA-48C5-9160-F6D6701E0B53}"
EndProject
Global
	GlobalSection(SolutionConfigurationPlatforms) = preSolution
		Debug|x64 = Debug|x64
		Debug|x86 = Debug|x86
		Release|x64 = Release|x64
		Release|x86 = Release|x86
	EndGlobalSection
	GlobalSection(ProjectConfigurationPlatforms) = postSolution
		{1B272D60-09DA-48C5-9160-F6D6701E0B53}.Debug|x64.ActiveCfg = Debug|x64
		{1B272D60-09DA-48C5-9160-F6D6701E0B53}.Debug|x64.Build.0 = Debug|x64
		{1B272D60-09DA-48C5-9160-F6D6701E0B53}.Debug|x86.ActiveCfg = Debug|Win32
		{1B272D60-09DA-48C5-9160-F6D6701E0B53}.Debug|x86.Build.0 = Debug|Win32
		{1B272D60-09DA-48C5-9160-F6D6701E0B53}.Release|x64.ActiveCfg = Release|x64
		{1B272D60-09DA-48C5-9160-F6D6701E0B53}.Release|x64.Build.0 = Release|x64
		{1B272D60-09DA-48C5-9160-F6D6701E0B53}.Release|x86.ActiveCfg = Release|Win32
		{1B272D60-09DA-48C5-9160-F6D6701E0B53}.Release|x86.Build.0 = Release|Win32
	EndGlobalSection
	GlobalSection(SolutionProperties) = preSolution
		HideSolutionNode = FALSE
	EndGlobalSection
	GlobalSection(ExtensibilityGlobals) = postSolution
		SolutionGuid = {A0DC73CE-B72F-4061-BEB9-20836B608EEB}
	EndGlobalSection
EndGlobal
